
Microsoft Visual Studio Solution File, Format Version 12.00
# Visual Studio Version 16
VisualStudioVersion = 16.0.29609.76
MinimumVisualStudioVersion = 10.0.40219.1
Project("{FAE04EC0-301F-11D3-BF4B-00C04F79EFBC}") = "Tincharova_2", "Tincharova_2\Tincharova_2.csproj", "{8240B3F7-8457-45F8-92F8-1FDDE285AC22}"
EndProject
Global
	GlobalSection(SolutionConfigurationPlatforms) = preSolution
		Debug|Any CPU = Debug|Any CPU
		Release|Any CPU = Release|Any CPU
	EndGlobalSection
	GlobalSection(ProjectConfigurationPlatforms) = postSolution
		{8240B3F7-8457-45F8-92F8-1FDDE285AC22}.Debug|Any CPU.ActiveCfg = Debug|Any CPU
		{8240B3F7-8457-45F8-92F8-1FDDE285AC22}.Debug|Any CPU.Build.0 = Debug|Any CPU
		{8240B3F7-8457-45F8-92F8-1FDDE285AC22}.Release|Any CPU.ActiveCfg = Release|Any CPU
		{8240B3F7-8457-45F8-92F8-1FDDE285AC22}.Release|Any CPU.Build.0 = Release|Any CPU
	EndGlobalSection
	GlobalSection(SolutionProperties) = preSolution
		HideSolutionNode = FALSE
	EndGlobalSection
	GlobalSection(ExtensibilityGlobals) = postSolution
		SolutionGuid = {185E67F5-846F-47D1-895D-19C536123063}
	EndGlobalSection
EndGlobal
